
Microsoft Visual Studio Solution File, Format Version 12.00
# Visual Studio Version 17
VisualStudioVersion = 17.13.35828.75 d17.13
MinimumVisualStudioVersion = 10.0.40219.1
Project("{FAE04EC0-301F-11D3-BF4B-00C04F79EFBC}") = "CapaDatos", "CapaDatos\CapaDatos.csproj", "{3A71EFA6-9D6A-4D0A-BB29-C5040345B9DA}"
EndProject
Project("{FAE04EC0-301F-11D3-BF4B-00C04F79EFBC}") = "CapaNegocio", "CapaNegocio\CapaNegocio.csproj", "{D52E2338-685D-4210-BCE1-07E02E8CDFB3}"
EndProject
Project("{FAE04EC0-301F-11D3-BF4B-00C04F79EFBC}") = "CapaPresentacion", "CapaPresentacion\CapaPresentacion.csproj", "{19DFDE67-0F4E-4569-8994-19D3959E4E3C}"
EndProject
Global
	GlobalSection(SolutionConfigurationPlatforms) = preSolution
		Debug|Any CPU = Debug|Any CPU
		Release|Any CPU = Release|Any CPU
	EndGlobalSection
	GlobalSection(ProjectConfigurationPlatforms) = postSolution
		{3A71EFA6-9D6A-4D0A-BB29-C5040345B9DA}.Debug|Any CPU.ActiveCfg = Debug|Any CPU
		{3A71EFA6-9D6A-4D0A-BB29-C5040345B9DA}.Debug|Any CPU.Build.0 = Debug|Any CPU
		{3A71EFA6-9D6A-4D0A-BB29-C5040345B9DA}.Release|Any CPU.ActiveCfg = Release|Any CPU
		{3A71EFA6-9D6A-4D0A-BB29-C5040345B9DA}.Release|Any CPU.Build.0 = Release|Any CPU
		{D52E2338-685D-4210-BCE1-07E02E8CDFB3}.Debug|Any CPU.ActiveCfg = Debug|Any CPU
		{D52E2338-685D-4210-BCE1-07E02E8CDFB3}.Debug|Any CPU.Build.0 = Debug|Any CPU
		{D52E2338-685D-4210-BCE1-07E02E8CDFB3}.Release|Any CPU.ActiveCfg = Release|Any CPU
		{D52E2338-685D-4210-BCE1-07E02E8CDFB3}.Release|Any CPU.Build.0 = Release|Any CPU
		{19DFDE67-0F4E-4569-8994-19D3959E4E3C}.Debug|Any CPU.ActiveCfg = Debug|Any CPU
		{19DFDE67-0F4E-4569-8994-19D3959E4E3C}.Debug|Any CPU.Build.0 = Debug|Any CPU
		{19DFDE67-0F4E-4569-8994-19D3959E4E3C}.Release|Any CPU.ActiveCfg = Release|Any CPU
		{19DFDE67-0F4E-4569-8994-19D3959E4E3C}.Release|Any CPU.Build.0 = Release|Any CPU
	EndGlobalSection
	GlobalSection(SolutionProperties) = preSolution
		HideSolutionNode = FALSE
	EndGlobalSection
	GlobalSection(ExtensibilityGlobals) = postSolution
		SolutionGuid = {7F95CA09-2C8C-4B73-AAFA-B7F52AF51EE3}
	EndGlobalSection
EndGlobal
